# This file was autogenerated by Stack.
# You should not edit this file by hand.
# For more information, please see the documentation at:
#   https://docs.haskellstack.org/en/stable/lock_files

packages:
- completed:
    hackage: config-value-0.8.3@sha256:94f504c5c7ad950f7154950e2850ee7db80bd0c0271e945d452332192cb1a4b8,1905
    pantry-tree:
      sha256: 46d7e50b8251a487921ffadf7ac1f4f1eb4fe9bf7d94caeedd94ee5f4851110a
      size: 1034
  original:
    hackage: config-value-0.8.3@sha256:94f504c5c7ad950f7154950e2850ee7db80bd0c0271e945d452332192cb1a4b8,1905
- completed:
    commit: ea90acf5ae544d5cbf5dc2bd501aef00074ba5f0
    git: https://github.com/mwotton/string-similarity
    name: string-similarity
    pantry-tree:
      sha256: f1173bae171cbd436f215447d2c70f8a6a364da261dae76da8f45e23c6d46214
      size: 804
    version: 0.1.0.0
  original:
    commit: ea90acf5ae544d5cbf5dc2bd501aef00074ba5f0
    git: https://github.com/mwotton/string-similarity
- completed:
    commit: adf9dd03d299a5b5ee1907fe2a63c9459a6f9a73
    git: https://github.com/bos/suffixtree
    name: suffixtree
    pantry-tree:
      sha256: 8c6a8ab7686ca744dc93564eb86fd8cbe63787620dc3b6481034db785afe90a6
      size: 600
    version: 0.2.2.1
  original:
    commit: adf9dd03d299a5b5ee1907fe2a63c9459a6f9a73
    git: https://github.com/bos/suffixtree
snapshots:
- completed:
    sha256: e019cd29e3f7f9dbad500225829a3f7a50f73c674614f2f452e21bb8bf5d99ea
    size: 650253
    url: https://raw.githubusercontent.com/commercialhaskell/stackage-snapshots/master/lts/20/24.yaml
  original: lts-20.24
